<?xml version="1.0" encoding="utf-8"?>
<Project ToolsVersion="4.0" xmlns="http://schemas.microsoft.com/developer/msbuild/2003">
  <ItemGroup>
    <Filter Include="Source Files">
      <UniqueIdentifier>{402d78fe-fb15-46f8-b8b4-5069f8118fd1}</UniqueIdentifier>
      <Extensions>cpp;c;cxx;rc;def;r;odl;idl;hpj;bat</Extensions>
    </Filter>
    <Filter Include="Header Files">
      <UniqueIdentifier>{8d4d8083-5a1d-4c8b-921b-819e8a4df800}</UniqueIdentifier>
      <Extensions>h;hpp;hxx;hm;inl</Extensions>
    </Filter>
    <Filter Include="Resource Files">
      <UniqueIdentifier>{c213658f-2c3f-4d10-a62e-2881785ef1d2}</UniqueIdentifier>
      <Extensions>ico;cur;bmp;dlg;rc2;rct;bin;rgs;gif;jpg;jpeg;jpe</Extensions>
    </Filter>
  </ItemGroup>
  <ItemGroup>
    <ClCompile Include="AddEditRecipient.cpp">
      <Filter>Source Files</Filter>
    </ClCompile>
    <ClCompile Include="Alerts.cpp">
      <Filter>Source Files</Filter>
    </ClCompile>
    <ClCompile Include="base64.cpp">
      <Filter>Source Files</Filter>
    </ClCompile>
    <ClCompile Include="ConfigEMailServer.cpp">
      <Filter>Source Files</Filter>
    </ClCompile>
    <ClCompile Include="ConfigGSMGateway.cpp">
      <Filter>Source Files</Filter>
    </ClCompile>
    <ClCompile Include="ConfigGSMModem.cpp">
      <Filter>Source Files</Filter>
    </ClCompile>
    <ClCompile Include="Configuration.cpp">
      <Filter>Source Files</Filter>
    </ClCompile>
    <ClCompile Include="ConnectedClient.cpp">
      <Filter>Source Files</Filter>
    </ClCompile>
    <ClCompile Include="CSmtp.cpp">
      <Filter>Source Files</Filter>
    </ClCompile>
    <ClCompile Include="DlgAddRemoveRing.cpp">
      <Filter>Source Files</Filter>
    </ClCompile>
    <ClCompile Include="DlgDebugger.cpp">
      <Filter>Source Files</Filter>
    </ClCompile>
    <ClCompile Include="EFM.cpp">
      <Filter>Source Files</Filter>
    </ClCompile>
    <ClCompile Include="EFMDlg.cpp">
      <Filter>Source Files</Filter>
    </ClCompile>
    <ClCompile Include="EFMOptions.cpp">
      <Filter>Source Files</Filter>
    </ClCompile>
    <ClCompile Include="EMailRecipients.cpp">
      <Filter>Source Files</Filter>
    </ClCompile>
    <ClCompile Include="EventLog.cpp">
      <Filter>Source Files</Filter>
    </ClCompile>
    <ClCompile Include="EventLogViewer.cpp">
      <Filter>Source Files</Filter>
    </ClCompile>
    <ClCompile Include="font.cpp">
      <Filter>Source Files</Filter>
    </ClCompile>
    <ClCompile Include="Gsm.cpp">
      <Filter>Source Files</Filter>
    </ClCompile>
    <ClCompile Include="HTML.cpp">
      <Filter>Source Files</Filter>
    </ClCompile>
    <ClCompile Include="lightningalarm.cpp">
      <Filter>Source Files</Filter>
    </ClCompile>
    <ClCompile Include="Log.cpp">
      <Filter>Source Files</Filter>
    </ClCompile>
    <ClCompile Include="md5.cpp">
      <Filter>Source Files</Filter>
    </ClCompile>
    <ClCompile Include="numled.cpp">
      <Filter>Source Files</Filter>
    </ClCompile>
    <ClCompile Include="OptionsAlerts.cpp">
      <Filter>Source Files</Filter>
    </ClCompile>
    <ClCompile Include="OptionsDataLogging.cpp">
      <Filter>Source Files</Filter>
    </ClCompile>
    <ClCompile Include="OptionsDataSharing.cpp">
      <Filter>Source Files</Filter>
    </ClCompile>
    <ClCompile Include="OptionsDeltaAlarm.cpp">
      <Filter>Source Files</Filter>
    </ClCompile>
    <ClCompile Include="OptionsGeneral.cpp">
      <Filter>Source Files</Filter>
    </ClCompile>
    <ClCompile Include="OptionsHighFieldAlarm.cpp">
      <Filter>Source Files</Filter>
    </ClCompile>
    <ClCompile Include="OptionsImageCapture.cpp">
      <Filter>Source Files</Filter>
    </ClCompile>
    <ClCompile Include="OptionsLightningAlarm.cpp">
      <Filter>Source Files</Filter>
    </ClCompile>
    <ClCompile Include="OptionsVeryHighFieldAlarm.cpp">
      <Filter>Source Files</Filter>
    </ClCompile>
    <ClCompile Include="percent.cpp">
      <Filter>Source Files</Filter>
    </ClCompile>
    <ClCompile Include="picture.cpp">
      <Filter>Source Files</Filter>
    </ClCompile>
    <ClCompile Include="PSOptions.cpp">
      <Filter>Source Files</Filter>
    </ClCompile>
    <ClCompile Include="Registry.cpp">
      <Filter>Source Files</Filter>
    </ClCompile>
    <ClCompile Include="selector.cpp">
      <Filter>Source Files</Filter>
    </ClCompile>
    <ClCompile Include="Serial.cpp">
      <Filter>Source Files</Filter>
    </ClCompile>
    <ClCompile Include="SerialEx.cpp">
      <Filter>Source Files</Filter>
    </ClCompile>
    <ClCompile Include="SerialWnd.cpp">
      <Filter>Source Files</Filter>
    </ClCompile>
    <ClCompile Include="SMSRecipients.cpp">
      <Filter>Source Files</Filter>
    </ClCompile>
    <ClCompile Include="speaker_lib.c">
      <Filter>Source Files</Filter>
    </ClCompile>
    <ClCompile Include="StdAfx.cpp">
      <Filter>Source Files</Filter>
    </ClCompile>
    <ClCompile Include="strip.cpp">
      <Filter>Source Files</Filter>
    </ClCompile>
    <ClCompile Include="TabCheckListBox.cpp">
      <Filter>Source Files</Filter>
    </ClCompile>
    <ClCompile Include="toggle.cpp">
      <Filter>Source Files</Filter>
    </ClCompile>
    <ClCompile Include="WaitDlg.cpp">
      <Filter>Source Files</Filter>
    </ClCompile>
    <ClCompile Include="ChartViewer.cpp">
      <Filter>Source Files</Filter>
    </ClCompile>
    <ClCompile Include="chart.cpp">
      <Filter>Source Files</Filter>
    </ClCompile>
    <ClCompile Include="ClientsConnectedViewer.cpp">
      <Filter>Source Files</Filter>
    </ClCompile>
  </ItemGroup>
  <ItemGroup>
    <ResourceCompile Include="EFM.rc">
      <Filter>Source Files</Filter>
    </ResourceCompile>
  </ItemGroup>
  <ItemGroup>
    <ClInclude Include="AddEditRecipient.h">
      <Filter>Header Files</Filter>
    </ClInclude>
    <ClInclude Include="Alerts.h">
      <Filter>Header Files</Filter>
    </ClInclude>
    <ClInclude Include="base64.h">
      <Filter>Header Files</Filter>
    </ClInclude>
    <ClInclude Include="BITS.H">
      <Filter>Header Files</Filter>
    </ClInclude>
    <ClInclude Include="ConfigEMailServer.h">
      <Filter>Header Files</Filter>
    </ClInclude>
    <ClInclude Include="ConfigGSMGateway.h">
      <Filter>Header Files</Filter>
    </ClInclude>
    <ClInclude Include="ConfigGSMModem.h">
      <Filter>Header Files</Filter>
    </ClInclude>
    <ClInclude Include="Configuration.h">
      <Filter>Header Files</Filter>
    </ClInclude>
    <ClInclude Include="ConnectedClient.h">
      <Filter>Header Files</Filter>
    </ClInclude>
    <ClInclude Include="CSmtp.h">
      <Filter>Header Files</Filter>
    </ClInclude>
    <ClInclude Include="DlgAddRemoveRing.h">
      <Filter>Header Files</Filter>
    </ClInclude>
    <ClInclude Include="DlgDebugger.h">
      <Filter>Header Files</Filter>
    </ClInclude>
    <ClInclude Include="EFM.h">
      <Filter>Header Files</Filter>
    </ClInclude>
    <ClInclude Include="EFMDlg.h">
      <Filter>Header Files</Filter>
    </ClInclude>
    <ClInclude Include="EFMOptions.h">
      <Filter>Header Files</Filter>
    </ClInclude>
    <ClInclude Include="EMailRecipients.h">
      <Filter>Header Files</Filter>
    </ClInclude>
    <ClInclude Include="EventLog.h">
      <Filter>Header Files</Filter>
    </ClInclude>
    <ClInclude Include="EventLogViewer.h">
      <Filter>Header Files</Filter>
    </ClInclude>
    <ClInclude Include="font.h">
      <Filter>Header Files</Filter>
    </ClInclude>
    <ClInclude Include="Gsm.h">
      <Filter>Header Files</Filter>
    </ClInclude>
    <ClInclude Include="HTML.h">
      <Filter>Header Files</Filter>
    </ClInclude>
    <ClInclude Include="lightningalarm.h">
      <Filter>Header Files</Filter>
    </ClInclude>
    <ClInclude Include="Log.h">
      <Filter>Header Files</Filter>
    </ClInclude>
    <ClInclude Include="md5.h">
      <Filter>Header Files</Filter>
    </ClInclude>
    <ClInclude Include="numled.h">
      <Filter>Header Files</Filter>
    </ClInclude>
    <ClInclude Include="OptionsAlerts.h">
      <Filter>Header Files</Filter>
    </ClInclude>
    <ClInclude Include="OptionsDataLogging.h">
      <Filter>Header Files</Filter>
    </ClInclude>
    <ClInclude Include="OptionsDataSharing.h">
      <Filter>Header Files</Filter>
    </ClInclude>
    <ClInclude Include="OptionsDeltaAlarm.h">
      <Filter>Header Files</Filter>
    </ClInclude>
    <ClInclude Include="OptionsGeneral.h">
      <Filter>Header Files</Filter>
    </ClInclude>
    <ClInclude Include="OptionsHighFieldAlarm.h">
      <Filter>Header Files</Filter>
    </ClInclude>
    <ClInclude Include="OptionsImageCapture.h">
      <Filter>Header Files</Filter>
    </ClInclude>
    <ClInclude Include="OptionsLightningAlarm.h">
      <Filter>Header Files</Filter>
    </ClInclude>
    <ClInclude Include="OptionsVeryHighFieldAlarm.h">
      <Filter>Header Files</Filter>
    </ClInclude>
    <ClInclude Include="percent.h">
      <Filter>Header Files</Filter>
    </ClInclude>
    <ClInclude Include="picture.h">
      <Filter>Header Files</Filter>
    </ClInclude>
    <ClInclude Include="PSOptions.h">
      <Filter>Header Files</Filter>
    </ClInclude>
    <ClInclude Include="Registry.h">
      <Filter>Header Files</Filter>
    </ClInclude>
    <ClInclude Include="Resource.h">
      <Filter>Header Files</Filter>
    </ClInclude>
    <ClInclude Include="selector.h">
      <Filter>Header Files</Filter>
    </ClInclude>
    <ClInclude Include="Serial.h">
      <Filter>Header Files</Filter>
    </ClInclude>
    <ClInclude Include="SerialEx.h">
      <Filter>Header Files</Filter>
    </ClInclude>
    <ClInclude Include="SerialMFC.h">
      <Filter>Header Files</Filter>
    </ClInclude>
    <ClInclude Include="SerialWnd.h">
      <Filter>Header Files</Filter>
    </ClInclude>
    <ClInclude Include="SMSRecipients.h">
      <Filter>Header Files</Filter>
    </ClInclude>
    <ClInclude Include="speaker_lib.h">
      <Filter>Header Files</Filter>
    </ClInclude>
    <ClInclude Include="StdAfx.h">
      <Filter>Header Files</Filter>
    </ClInclude>
    <ClInclude Include="strip.h">
      <Filter>Header Files</Filter>
    </ClInclude>
    <ClInclude Include="TabCheckListBox.h">
      <Filter>Header Files</Filter>
    </ClInclude>
    <ClInclude Include="toggle.h">
      <Filter>Header Files</Filter>
    </ClInclude>
    <ClInclude Include="version.h">
      <Filter>Header Files</Filter>
    </ClInclude>
    <ClInclude Include="VersionNo.h">
      <Filter>Header Files</Filter>
    </ClInclude>
    <ClInclude Include="WaitDlg.h">
      <Filter>Header Files</Filter>
    </ClInclude>
    <ClInclude Include="WINDRVR.H">
      <Filter>Header Files</Filter>
    </ClInclude>
    <ClInclude Include="ChartViewer.h">
      <Filter>Header Files</Filter>
    </ClInclude>
    <ClInclude Include="chart.h">
      <Filter>Header Files</Filter>
    </ClInclude>
    <ClInclude Include="ClientsConnectedViewer.h">
      <Filter>Header Files</Filter>
    </ClInclude>
  </ItemGroup>
  <ItemGroup>
    <Image Include="res\1309906488_favicon[1].ico">
      <Filter>Resource Files</Filter>
    </Image>
    <Image Include="res\bitmap1.bmp">
      <Filter>Resource Files</Filter>
    </Image>
    <Image Include="res\bmp00001.bmp">
      <Filter>Resource Files</Filter>
    </Image>
    <Image Include="res\bmp00002.bmp">
      <Filter>Resource Files</Filter>
    </Image>
    <Image Include="res\bmp00003.bmp">
      <Filter>Resource Files</Filter>
    </Image>
    <Image Include="res\bmp00004.bmp">
      <Filter>Resource Files</Filter>
    </Image>
    <Image Include="res\bmp_config.bmp">
      <Filter>Resource Files</Filter>
    </Image>
    <Image Include="res\bmp_opti.bmp">
      <Filter>Resource Files</Filter>
    </Image>
    <Image Include="res\bmp_peop.bmp">
      <Filter>Resource Files</Filter>
    </Image>
    <Image Include="res\Boltek_ColorLoResSM.bmp">
      <Filter>Resource Files</Filter>
    </Image>
    <Image Include="res\brightex-logo.bmp">
      <Filter>Resource Files</Filter>
    </Image>
    <Image Include="res\brightex.bmp">
      <Filter>Resource Files</Filter>
    </Image>
    <Image Include="res\EFM.ico">
      <Filter>Resource Files</Filter>
    </Image>
    <Image Include="res\soundoff.bmp">
      <Filter>Resource Files</Filter>
    </Image>
    <Image Include="res\soundon.bmp">
      <Filter>Resource Files</Filter>
    </Image>
  </ItemGroup>
  <ItemGroup>
    <Text Include="Documentation\Changes.txt" />
    <Text Include="ReadMe.txt" />
  </ItemGroup>
  <ItemGroup>
    <CustomBuild Include="res\EFM.rc2">
      <Filter>Resource Files</Filter>
    </CustomBuild>
  </ItemGroup>
  <ItemGroup>
    <Library Include="libcrypto.lib" />
    <Library Include="libssl.lib" />
  </ItemGroup>
</Project>